
Microsoft Visual Studio Solution File, Format Version 12.00
# Visual Studio Version 17
VisualStudioVersion = 17.13.35825.156 d17.13
MinimumVisualStudioVersion = 10.0.40219.1
Project("{FAE04EC0-301F-11D3-BF4B-00C04F79EFBC}") = "littlescholarsdbms", "littlescholarsdbms.csproj", "{D428266B-11CE-4CA8-91AD-C299E2AF9489}"
EndProject
Global
	GlobalSection(SolutionConfigurationPlatforms) = preSolution
		Debug|Any CPU = Debug|Any CPU
		Release|Any CPU = Release|Any CPU
	EndGlobalSection
	GlobalSection(ProjectConfigurationPlatforms) = postSolution
		{D428266B-11CE-4CA8-91AD-C299E2AF9489}.Debug|Any CPU.ActiveCfg = Debug|Any CPU
		{D428266B-11CE-4CA8-91AD-C299E2AF9489}.Debug|Any CPU.Build.0 = Debug|Any CPU
		{D428266B-11CE-4CA8-91AD-C299E2AF9489}.Release|Any CPU.ActiveCfg = Release|Any CPU
		{D428266B-11CE-4CA8-91AD-C299E2AF9489}.Release|Any CPU.Build.0 = Release|Any CPU
	EndGlobalSection
	GlobalSection(SolutionProperties) = preSolution
		HideSolutionNode = FALSE
	EndGlobalSection
	GlobalSection(ExtensibilityGlobals) = postSolution
		SolutionGuid = {34D72D73-6F2C-42A9-B639-262A1B35C3A8}
	EndGlobalSection
EndGlobal
